
Microsoft Visual Studio Solution File, Format Version 12.00
# Visual Studio Version 17
VisualStudioVersion = 17.9.34728.123
MinimumVisualStudioVersion = 10.0.40219.1
Project("{FAE04EC0-301F-11D3-BF4B-00C04F79EFBC}") = "entregaVenta", "entregaVenta\entregaVenta.csproj", "{66436D09-DBC9-4A36-A17E-66EF568CE16E}"
EndProject
Global
	GlobalSection(SolutionConfigurationPlatforms) = preSolution
		Debug|Any CPU = Debug|Any CPU
		Release|Any CPU = Release|Any CPU
	EndGlobalSection
	GlobalSection(ProjectConfigurationPlatforms) = postSolution
		{66436D09-DBC9-4A36-A17E-66EF568CE16E}.Debug|Any CPU.ActiveCfg = Debug|Any CPU
		{66436D09-DBC9-4A36-A17E-66EF568CE16E}.Debug|Any CPU.Build.0 = Debug|Any CPU
		{66436D09-DBC9-4A36-A17E-66EF568CE16E}.Release|Any CPU.ActiveCfg = Release|Any CPU
		{66436D09-DBC9-4A36-A17E-66EF568CE16E}.Release|Any CPU.Build.0 = Release|Any CPU
	EndGlobalSection
	GlobalSection(SolutionProperties) = preSolution
		HideSolutionNode = FALSE
	EndGlobalSection
	GlobalSection(ExtensibilityGlobals) = postSolution
		SolutionGuid = {F18C4C3B-CC2B-4A38-B202-96C3828F53D2}
	EndGlobalSection
EndGlobal
